
Microsoft Visual Studio Solution File, Format Version 12.00
# Visual Studio Version 16
VisualStudioVersion = 16.0.31005.135
MinimumVisualStudioVersion = 10.0.40219.1
Project("{888888A0-9F3D-457C-B088-3A5042F75D52}") = "Laba 2 Web", "Laba 2 Web\Laba 2 Web.pyproj", "{02C113F8-C991-4AE3-8BF5-85DAD45F9867}"
EndProject
Global
	GlobalSection(SolutionConfigurationPlatforms) = preSolution
		Debug|Any CPU = Debug|Any CPU
		Release|Any CPU = Release|Any CPU
	EndGlobalSection
	GlobalSection(ProjectConfigurationPlatforms) = postSolution
		{02C113F8-C991-4AE3-8BF5-85DAD45F9867}.Debug|Any CPU.ActiveCfg = Debug|Any CPU
		{02C113F8-C991-4AE3-8BF5-85DAD45F9867}.Release|Any CPU.ActiveCfg = Release|Any CPU
	EndGlobalSection
	GlobalSection(SolutionProperties) = preSolution
		HideSolutionNode = FALSE
	EndGlobalSection
	GlobalSection(ExtensibilityGlobals) = postSolution
		SolutionGuid = {BC16978E-ADFD-4C08-8C54-B40DDF5E085D}
	EndGlobalSection
EndGlobal
